
Microsoft Visual Studio Solution File, Format Version 12.00
# Visual Studio Version 17
VisualStudioVersion = 17.1.32210.238
MinimumVisualStudioVersion = 10.0.40219.1
Project("{9A19103F-16F7-4668-BE54-9A1E7A4F7556}") = "myasnoy_vijivach2", "nabrosok2\myasnoy_vijivach2.csproj", "{6A400489-0FA0-464A-814B-7B035749D20D}"
EndProject
Global
	GlobalSection(SolutionConfigurationPlatforms) = preSolution
		Debug|Any CPU = Debug|Any CPU
		Release|Any CPU = Release|Any CPU
	EndGlobalSection
	GlobalSection(ProjectConfigurationPlatforms) = postSolution
		{6A400489-0FA0-464A-814B-7B035749D20D}.Debug|Any CPU.ActiveCfg = Debug|Any CPU
		{6A400489-0FA0-464A-814B-7B035749D20D}.Debug|Any CPU.Build.0 = Debug|Any CPU
		{6A400489-0FA0-464A-814B-7B035749D20D}.Release|Any CPU.ActiveCfg = Release|Any CPU
		{6A400489-0FA0-464A-814B-7B035749D20D}.Release|Any CPU.Build.0 = Release|Any CPU
	EndGlobalSection
	GlobalSection(SolutionProperties) = preSolution
		HideSolutionNode = FALSE
	EndGlobalSection
	GlobalSection(ExtensibilityGlobals) = postSolution
		SolutionGuid = {39576B39-B797-40C3-B92A-498C15F0DFE8}
	EndGlobalSection
EndGlobal
